
Microsoft Visual Studio Solution File, Format Version 12.00
# Visual Studio 15
VisualStudioVersion = 15.0.28307.168
MinimumVisualStudioVersion = 10.0.40219.1
Project("{A0786B88-2ADB-4C21-ABE8-AA2D79766269}") = "OLab4", "OLab4.phpproj", "{2CD5DC57-8C03-49EC-8EC3-015FB9F17271}"
EndProject
Global
	GlobalSection(SolutionConfigurationPlatforms) = preSolution
		Debug|Any CPU = Debug|Any CPU
		Release|Any CPU = Release|Any CPU
	EndGlobalSection
	GlobalSection(ProjectConfigurationPlatforms) = postSolution
		{2CD5DC57-8C03-49EC-8EC3-015FB9F17271}.Debug|Any CPU.ActiveCfg = Debug|Any CPU
		{2CD5DC57-8C03-49EC-8EC3-015FB9F17271}.Release|Any CPU.ActiveCfg = Release|Any CPU
	EndGlobalSection
	GlobalSection(SolutionProperties) = preSolution
		HideSolutionNode = FALSE
	EndGlobalSection
	GlobalSection(ExtensibilityGlobals) = postSolution
		SolutionGuid = {8BE7E0D6-B3E9-4429-A67D-AB0F1568CE8C}
	EndGlobalSection
EndGlobal
